
Microsoft Visual Studio Solution File, Format Version 12.00
# Visual Studio 15
VisualStudioVersion = 15.0.28307.329
MinimumVisualStudioVersion = 10.0.40219.1
Project("{8BC9CEB8-8B4A-11D0-8D11-00A0C91BC942}") = "MXLPersonalArmoryHook", "MXLPersonalArmoryHook\MXLPersonalArmoryHook.vcxproj", "{FED1EBAA-8E19-4763-AB36-A0BC36F07CBC}"
EndProject
Project("{FAE04EC0-301F-11D3-BF4B-00C04F79EFBC}") = "MXLPersonalArmory", "MXLPersonalArmory\MXLPersonalArmory.csproj", "{46ED31EB-DDBF-4360-AF9E-92CCAFF4BDAE}"
EndProject
Global
	GlobalSection(SolutionConfigurationPlatforms) = preSolution
		Debug|Any CPU = Debug|Any CPU
		Debug|x64 = Debug|x64
		Debug|x86 = Debug|x86
		Release|Any CPU = Release|Any CPU
		Release|x64 = Release|x64
		Release|x86 = Release|x86
	EndGlobalSection
	GlobalSection(ProjectConfigurationPlatforms) = postSolution
		{FED1EBAA-8E19-4763-AB36-A0BC36F07CBC}.Debug|Any CPU.ActiveCfg = Debug|Win32
		{FED1EBAA-8E19-4763-AB36-A0BC36F07CBC}.Debug|Any CPU.Build.0 = Debug|Win32
		{FED1EBAA-8E19-4763-AB36-A0BC36F07CBC}.Debug|x64.ActiveCfg = Debug|x64
		{FED1EBAA-8E19-4763-AB36-A0BC36F07CBC}.Debug|x64.Build.0 = Debug|x64
		{FED1EBAA-8E19-4763-AB36-A0BC36F07CBC}.Debug|x86.ActiveCfg = Debug|Win32
		{FED1EBAA-8E19-4763-AB36-A0BC36F07CBC}.Debug|x86.Build.0 = Debug|Win32
		{FED1EBAA-8E19-4763-AB36-A0BC36F07CBC}.Release|Any CPU.ActiveCfg = Release|Win32
		{FED1EBAA-8E19-4763-AB36-A0BC36F07CBC}.Release|x64.ActiveCfg = Release|x64
		{FED1EBAA-8E19-4763-AB36-A0BC36F07CBC}.Release|x64.Build.0 = Release|x64
		{FED1EBAA-8E19-4763-AB36-A0BC36F07CBC}.Release|x86.ActiveCfg = Release|Win32
		{FED1EBAA-8E19-4763-AB36-A0BC36F07CBC}.Release|x86.Build.0 = Release|Win32
		{46ED31EB-DDBF-4360-AF9E-92CCAFF4BDAE}.Debug|Any CPU.ActiveCfg = Debug|Any CPU
		{46ED31EB-DDBF-4360-AF9E-92CCAFF4BDAE}.Debug|Any CPU.Build.0 = Debug|Any CPU
		{46ED31EB-DDBF-4360-AF9E-92CCAFF4BDAE}.Debug|x64.ActiveCfg = Debug|Any CPU
		{46ED31EB-DDBF-4360-AF9E-92CCAFF4BDAE}.Debug|x64.Build.0 = Debug|Any CPU
		{46ED31EB-DDBF-4360-AF9E-92CCAFF4BDAE}.Debug|x86.ActiveCfg = Debug|Any CPU
		{46ED31EB-DDBF-4360-AF9E-92CCAFF4BDAE}.Debug|x86.Build.0 = Debug|Any CPU
		{46ED31EB-DDBF-4360-AF9E-92CCAFF4BDAE}.Release|Any CPU.ActiveCfg = Release|Any CPU
		{46ED31EB-DDBF-4360-AF9E-92CCAFF4BDAE}.Release|Any CPU.Build.0 = Release|Any CPU
		{46ED31EB-DDBF-4360-AF9E-92CCAFF4BDAE}.Release|x64.ActiveCfg = Release|Any CPU
		{46ED31EB-DDBF-4360-AF9E-92CCAFF4BDAE}.Release|x64.Build.0 = Release|Any CPU
		{46ED31EB-DDBF-4360-AF9E-92CCAFF4BDAE}.Release|x86.ActiveCfg = Release|Any CPU
		{46ED31EB-DDBF-4360-AF9E-92CCAFF4BDAE}.Release|x86.Build.0 = Release|Any CPU
	EndGlobalSection
	GlobalSection(SolutionProperties) = preSolution
		HideSolutionNode = FALSE
	EndGlobalSection
	GlobalSection(ExtensibilityGlobals) = postSolution
		SolutionGuid = {89024701-201D-4BA2-88C4-E12FF64CE724}
	EndGlobalSection
EndGlobal
